
Microsoft Visual Studio Solution File, Format Version 12.00
# Visual Studio Version 17
VisualStudioVersion = 17.6.33815.320
MinimumVisualStudioVersion = 10.0.40219.1
Project("{9A19103F-16F7-4668-BE54-9A1E7A4F7556}") = "SafeHost", "SafeHost\SafeHost.csproj", "{EC22D61B-256A-4273-BBC6-024D26931ECB}"
EndProject
Project("{9A19103F-16F7-4668-BE54-9A1E7A4F7556}") = "NativeInjector", "NativeInjector\NativeInjector.csproj", "{EE06BC12-C8DA-488E-93AC-405691069745}"
EndProject
Project("{FAE04EC0-301F-11D3-BF4B-00C04F79EFBC}") = "ManagedLibrary", "ManagedLibrary\ManagedLibrary.csproj", "{0DE733F2-F9CB-4A40-9283-1F9E62CE34FE}"
EndProject
Global
	GlobalSection(SolutionConfigurationPlatforms) = preSolution
		Debug|Any CPU = Debug|Any CPU
		Release|Any CPU = Release|Any CPU
	EndGlobalSection
	GlobalSection(ProjectConfigurationPlatforms) = postSolution
		{EC22D61B-256A-4273-BBC6-024D26931ECB}.Debug|Any CPU.ActiveCfg = Debug|Any CPU
		{EC22D61B-256A-4273-BBC6-024D26931ECB}.Debug|Any CPU.Build.0 = Debug|Any CPU
		{EC22D61B-256A-4273-BBC6-024D26931ECB}.Release|Any CPU.ActiveCfg = Release|Any CPU
		{EC22D61B-256A-4273-BBC6-024D26931ECB}.Release|Any CPU.Build.0 = Release|Any CPU
		{EE06BC12-C8DA-488E-93AC-405691069745}.Debug|Any CPU.ActiveCfg = Debug|Any CPU
		{EE06BC12-C8DA-488E-93AC-405691069745}.Debug|Any CPU.Build.0 = Debug|Any CPU
		{EE06BC12-C8DA-488E-93AC-405691069745}.Release|Any CPU.ActiveCfg = Release|Any CPU
		{EE06BC12-C8DA-488E-93AC-405691069745}.Release|Any CPU.Build.0 = Release|Any CPU
		{0DE733F2-F9CB-4A40-9283-1F9E62CE34FE}.Debug|Any CPU.ActiveCfg = Debug|Any CPU
		{0DE733F2-F9CB-4A40-9283-1F9E62CE34FE}.Debug|Any CPU.Build.0 = Debug|Any CPU
		{0DE733F2-F9CB-4A40-9283-1F9E62CE34FE}.Release|Any CPU.ActiveCfg = Release|Any CPU
		{0DE733F2-F9CB-4A40-9283-1F9E62CE34FE}.Release|Any CPU.Build.0 = Release|Any CPU
	EndGlobalSection
	GlobalSection(SolutionProperties) = preSolution
		HideSolutionNode = FALSE
	EndGlobalSection
	GlobalSection(ExtensibilityGlobals) = postSolution
		SolutionGuid = {BB7CA3A6-A490-44BC-8AF8-75141ECEE076}
	EndGlobalSection
EndGlobal
